// !$*UTF8*$!
{
	archiveVersion = 1;
	classes = {
	};
	objectVersion = 46;
	objects = {

/* Begin PBXBuildFile section */
		D0D1A0000000000000000002 /* AudioRingBuffer.swift in Sources */ = {isa = PBXBuildFile; fileRef = D0D1A0000000000000000012 /* AudioRingBuffer.swift */; };
		D0D1A0000000000000000001 /* DuoInput.swift in Sources */ = {isa = PBXBuildFile; fileRef = D0D1A0000000000000000011 /* DuoInput.swift */; };
		E2E2FA23E02C3EF9FCC42962 /* PS2Web in Resources */ = {isa = PBXBuildFile; fileRef = E2E29FFDAEAAC973A111B63F /* PS2Web */; };
		E2E28E93FD49A4FA09C8C3EA /* PS2WebSchemeHandler.swift in Sources */ = {isa = PBXBuildFile; fileRef = E2E288F56CD2528AB69F436F /* PS2WebSchemeHandler.swift */; };
		E2E231B2BD99622A8FC9EFC0 /* PS2WebCore.swift in Sources */ = {isa = PBXBuildFile; fileRef = E2E263D335FB9BA03C82A3B4 /* PS2WebCore.swift */; };
		E2E23C0AA9DF0A5967118A1D /* PS2ByteRange.swift in Sources */ = {isa = PBXBuildFile; fileRef = E2E2435A69491B7DE691FF9C /* PS2ByteRange.swift */; };
		E2E2BBF1D7FAD40CD16B53BE /* PS2CardPath.swift in Sources */ = {isa = PBXBuildFile; fileRef = E2E23F114F82A65E79C1B46C /* PS2CardPath.swift */; };
		E2E24BAFCCFA54C614EEFB33 /* PS2PadState.swift in Sources */ = {isa = PBXBuildFile; fileRef = E2E2D3248897940D886C3BA1 /* PS2PadState.swift */; };
		D00520260921000000000003 /* Localizable in Resources */ = {isa = PBXBuildFile; fileRef = D00520260921000000000004; };
		D00520260921000000000001 /* Assets in Resources */ = {isa = PBXBuildFile; fileRef = D00520260921000000000002; };
		D0A1B2C3D4E5F60718293A51 /* Console-Studio.hdr in Resources */ = {isa = PBXBuildFile; fileRef = C0FFEE1234567890ABCDEF08; };
		D0A1B2C3D4E5F60718293A50 /* Detailed-Cartridges.usdz in Resources */ = {isa = PBXBuildFile; fileRef = C0FFEE1234567890ABCDEF07; };
		D0A1B2C3D4E5F60718293A54 /* Cartridge-Finger-Snap.wav in Resources */ = {isa = PBXBuildFile; fileRef = C0FFEE1234567890ABCDEF10; };
		D0A1B2C3D4E5F60718293A55 /* PSP-UMD.usdz in Resources */ = {isa = PBXBuildFile; fileRef = C0FFEE1234567890ABCDEF11; };
		D0A1B2C3D4E5F60718293A59 /* PSP-UMD-Shell.usdz in Resources */ = {isa = PBXBuildFile; fileRef = C0FFEE1234567890ABCDEF15; };
		D0A1B2C3D4E5F60718293A56 /* PPSSPP in Resources */ = {isa = PBXBuildFile; fileRef = C0FFEE1234567890ABCDEF12; };
		D0A1B2C3D4E5F60718293A57 /* PSP2000-UMD-Open-Transition.usdz in Resources */ = {isa = PBXBuildFile; fileRef = C0FFEE1234567890ABCDEF13; };
		27ADD5341A92E91ED8F992D9 /* ContentView.swift in Sources */ = {isa = PBXBuildFile; fileRef = 3D12503635828B409311C67C /* ContentView.swift */; };
		A3A3A3A30000000000000007 /* GameLibrary.swift in Sources */ = {isa = PBXBuildFile; fileRef = A3A3A3A30000000000000018 /* GameLibrary.swift */; };
		A3A3A3A30000000000000008 /* CartridgeInsertionView.swift in Sources */ = {isa = PBXBuildFile; fileRef = A3A3A3A30000000000000019 /* CartridgeInsertionView.swift */; };
		30E95276221DFB79C04AF86F /* Foundation.framework in Frameworks */ = {isa = PBXBuildFile; fileRef = 0062BF117B28CA5FC457EAC9 /* Foundation.framework */; };
		825DE0DA39CE14491602441A /* EmulatorSession.swift in Sources */ = {isa = PBXBuildFile; fileRef = 5C8AB6A83302A72A024407F5 /* EmulatorSession.swift */; };
		D0BEEF000000000000000002 /* DuoPro.swift in Sources */ = {isa = PBXBuildFile; fileRef = D0BEEF000000000000000001 /* DuoPro.swift */; };
		BD2FC4D5F2BE0CFBC49860D5 /* DuoDSApp.swift in Sources */ = {isa = PBXBuildFile; fileRef = 67B81AC279A8C037D0ADEEB9 /* DuoDSApp.swift */; };
		A3A3A3A30000000000000001 /* AzaharCoreBridge.mm in Sources */ = {isa = PBXBuildFile; fileRef = A3A3A3A30000000000000011 /* AzaharCoreBridge.mm */; };
		A3A3A3A30000000000000002 /* AzaharAudioOutput.swift in Sources */ = {isa = PBXBuildFile; fileRef = A3A3A3A30000000000000012 /* AzaharAudioOutput.swift */; };
		A3A3A3A30000000000000003 /* AzaharCore.xcframework in Frameworks */ = {isa = PBXBuildFile; fileRef = A3A3A3A30000000000000015 /* AzaharCore.xcframework */; };
		A3A3A3A30000000000000004 /* AzaharCore.xcframework in Embed Frameworks */ = {isa = PBXBuildFile; fileRef = A3A3A3A30000000000000015 /* AzaharCore.xcframework */; settings = {ATTRIBUTES = (CodeSignOnCopy, RemoveHeadersOnCopy, ); }; };
		D0A1B2C3D4E5F60718293A4B /* FuzedNeo.nds in Resources */ = {isa = PBXBuildFile; fileRef = C0FFEE1234567890ABCDEF02 /* FuzedNeo.nds */; };
		D0A1B2C3D4E5F60718293A52 /* TrailMix.nds in Resources */ = {isa = PBXBuildFile; fileRef = C0FFEE1234567890ABCDEF09 /* TrailMix.nds */; };
		D0A1B2C3D4E5F60718293A4C /* Nintendo-3DS-XL-180deg.png in Resources */ = {isa = PBXBuildFile; fileRef = C0FFEE1234567890ABCDEF03 /* Nintendo-3DS-XL-180deg.png */; };
		D0A1B2C3D4E5F60718293A4F /* 3DSXL-Cartridge-Open-Transition.usdz in Resources */ = {isa = PBXBuildFile; fileRef = C0FFEE1234567890ABCDEF06 /* 3DSXL-Cartridge-Open-Transition.usdz */; };
		D0A1B2C3D4E5F60718293A4D /* Controls in Resources */ = {isa = PBXBuildFile; fileRef = C0FFEE1234567890ABCDEF04 /* Controls */; };
		A3A3A3A30000000000000005 /* Mars3D.3dsx in Resources */ = {isa = PBXBuildFile; fileRef = A3A3A3A30000000000000016 /* Mars3D.3dsx */; };
		A3A3A3A30000000000000006 /* HomebrewMenu.3dsx in Resources */ = {isa = PBXBuildFile; fileRef = A3A3A3A30000000000000017 /* HomebrewMenu.3dsx */; };
		D0A1B2C3D4E5F60718293A53 /* MK64-3DS.3dsx in Resources */ = {isa = PBXBuildFile; fileRef = A3A3A3A30000000000000020 /* MK64-3DS.3dsx */; };
		D00D20000000000000000200 /* ROMArchive.mm in Sources */ = {isa = PBXBuildFile; fileRef = D00D20000000000000000100; };
		D00D20000000000000000201 /* ROMFiles.swift in Sources */ = {isa = PBXBuildFile; fileRef = D00D20000000000000000101; };
		D00D20000000000000000401 = {isa = PBXBuildFile; fileRef = D00D20000000000000000400; settings = {ATTRIBUTES = (CodeSignOnCopy, RemoveHeadersOnCopy, ); }; };
		D00D20000000000000000501 = {isa = PBXBuildFile; fileRef = D00D20000000000000000500; settings = {ATTRIBUTES = (CodeSignOnCopy, RemoveHeadersOnCopy, ); }; };
		D00D20000000000000000601 /* PPSSPPCore.xcframework in Embed Frameworks */ = {isa = PBXBuildFile; fileRef = D00D20000000000000000600 /* PPSSPPCore.xcframework */; settings = {ATTRIBUTES = (CodeSignOnCopy, RemoveHeadersOnCopy, ); }; };
		D00D20000000000000000203 = {isa = PBXBuildFile; fileRef = D00D20000000000000000103; };
		D35E00000000000000000002 /* DeSmuMECore.xcframework in Embed Frameworks */ = {isa = PBXBuildFile; fileRef = D35E00000000000000000000 /* DeSmuMECore.xcframework */; settings = {ATTRIBUTES = (CodeSignOnCopy, RemoveHeadersOnCopy, ); }; };
		E2E2D3ED6304CDCFB2E8961A /* PS2Core.swift in Sources */ = {isa = PBXBuildFile; fileRef = E2E2E2D06DAAC90871FA4F41 /* PS2Core.swift */; };
		E2E2AA7215A08A5A5311FF61 /* PS2Disc.swift in Sources */ = {isa = PBXBuildFile; fileRef = E2E29F97B4BECCF11DB1A31F /* PS2Disc.swift */; };
		E2E2B5952BD747EB3C56111D /* PS2CoverArt.swift in Sources */ = {isa = PBXBuildFile; fileRef = E2E2A75B3398D0655B12CC88 /* PS2CoverArt.swift */; };
		E2E207C15913C26DF01B5AC3 /* PS2MemoryCard.swift in Sources */ = {isa = PBXBuildFile; fileRef = E2E29D2CEB4597433DFB1F16 /* PS2MemoryCard.swift */; };
		E2E27238DB8DEBC2DA5ED513 /* PS2SaveArchive.swift in Sources */ = {isa = PBXBuildFile; fileRef = E2E29179D3E65E29AE72B17F /* PS2SaveArchive.swift */; };
		E2E2E32E7AD8DAD84AA29069 /* PS2IconSys.swift in Sources */ = {isa = PBXBuildFile; fileRef = E2E231BA8C0F39E81E8961B6 /* PS2IconSys.swift */; };
		E2E26CF412AA31C43C9A7092 /* PS2Icon.swift in Sources */ = {isa = PBXBuildFile; fileRef = E2E2F5187C764568D460AF60 /* PS2Icon.swift */; };
		E2E29B79C715AC00878C136E /* PS2CaseStage.swift in Sources */ = {isa = PBXBuildFile; fileRef = E2E22F5EC87098A18F48F9DC /* PS2CaseStage.swift */; };
		E2E23468A5B0FF781CC094D9 /* PS2InsertionStage.swift in Sources */ = {isa = PBXBuildFile; fileRef = E2E280AEA6357422C48639C2 /* PS2InsertionStage.swift */; };
		E2E229D3CE54FB54FEFB29BA /* PS2GameView.swift in Sources */ = {isa = PBXBuildFile; fileRef = E2E274F3E9595B9CF9DBB8AF /* PS2GameView.swift */; };
		E2E2C1F75AE14547671081B3 /* PS2ControllerView.swift in Sources */ = {isa = PBXBuildFile; fileRef = E2E26BE6A32E822F0F4EB1B4 /* PS2ControllerView.swift */; };
		E2E2EEBC1AED96457FD2E461 /* PS2CRTShutdown.swift in Sources */ = {isa = PBXBuildFile; fileRef = E2E2037B5AF46E33CCD95F35 /* PS2CRTShutdown.swift */; };
		E2E23AD71DEF734E0CE726CC /* PS2SaveBrowserView.swift in Sources */ = {isa = PBXBuildFile; fileRef = E2E2EC59F4453650750AAFC1 /* PS2SaveBrowserView.swift */; };
		E2E2B63C2B25ED4931D0CF89 /* PS2Feedback.swift in Sources */ = {isa = PBXBuildFile; fileRef = E2E2FE460B5F6A189D8D508B /* PS2Feedback.swift */; };
		E2E236EACDC8FAF0BCE5DF8A /* PS2-Console.usdz in Resources */ = {isa = PBXBuildFile; fileRef = E2E27EB86DBD9ECAD6545BE6 /* PS2-Console.usdz */; };
		E2E2FD248F1ADAE90B40ED3B /* PS2-DualShock2.usdz in Resources */ = {isa = PBXBuildFile; fileRef = E2E2B81ADDBE27EE4D8F0216 /* PS2-DualShock2.usdz */; };
		E2E2A620667824F4C131CC05 /* PS2-MemoryCard.usdz in Resources */ = {isa = PBXBuildFile; fileRef = E2E27619B6B305B86C7DAF12 /* PS2-MemoryCard.usdz */; };
		E2E22453CBD0C5EF22643589 /* PS2-DVD.usdz in Resources */ = {isa = PBXBuildFile; fileRef = E2E297D6D496A0EA91E2FE15 /* PS2-DVD.usdz */; };
		E2E233D2C8874CC75BA802A4 /* PS2-Case.usdz in Resources */ = {isa = PBXBuildFile; fileRef = E2E29C7BCFF33C5F12C4A868 /* PS2-Case.usdz */; };
		E2E20C1DAE56B4512375E7EE /* PS2Audio in Resources */ = {isa = PBXBuildFile; fileRef = E2E241E044D0A0182E2C0916 /* PS2Audio */; };
		BF6D91C3828F48E7841F3E88 /* HandheldCaseStage.swift in Sources */ = {isa = PBXBuildFile; fileRef = 1F32B4C0BE7842BAA4697CB0 /* HandheldCaseStage.swift */; };
		18CD2C79DF324DA4B97D303F /* HandheldCaseCoverArt.swift in Sources */ = {isa = PBXBuildFile; fileRef = 15DB782F6C574BAB96188155 /* HandheldCaseCoverArt.swift */; };
		7E5AFE000000000000000001 /* NeutralBranding.swift in Sources */ = {isa = PBXBuildFile; fileRef = 7E5AFE000000000000000002 /* NeutralBranding.swift */; };
		3A7AE9FC3C6C4FF9A98864B2 /* NDS-Case.usdz in Resources */ = {isa = PBXBuildFile; fileRef = 8372CCEBD99B4C8587D62528 /* NDS-Case.usdz */; };
		789150BD422442E5B40198D9 /* 3DS-Case.usdz in Resources */ = {isa = PBXBuildFile; fileRef = 140F82793A464E50B717B59A /* 3DS-Case.usdz */; };
		C94DFBEF195147A28BEF7549 /* PSP-UMD-Case.usdz in Resources */ = {isa = PBXBuildFile; fileRef = 726EC1EA161A4AC5A191800D /* PSP-UMD-Case.usdz */; };
		A2C6BCC2CF0D4FFFBF08C51A /* PSP-Boxart-Names.json in Resources */ = {isa = PBXBuildFile; fileRef = 41BD25A794EF4130B8E957B5 /* PSP-Boxart-Names.json */; };
/* End PBXBuildFile section */

/* Begin PBXCopyFilesBuildPhase section */
		56E8EFE25AFE86325EF8A2C9 /* Embed Frameworks */ = {
			isa = PBXCopyFilesBuildPhase;
			buildActionMask = 2147483647;
			dstPath = "";
			dstSubfolderSpec = 10;
			files = (
				A3A3A3A30000000000000004 /* AzaharCore.xcframework in Embed Frameworks */,
				D35E00000000000000000002 /* DeSmuMECore.xcframework in Embed Frameworks */,
				D00D20000000000000000401,
				D00D20000000000000000501,
				D00D20000000000000000601 /* PPSSPPCore.xcframework in Embed Frameworks */,
			);
			name = "Embed Frameworks";
			runOnlyForDeploymentPostprocessing = 0;
		};
/* End PBXCopyFilesBuildPhase section */

/* Begin PBXFileReference section */
		D0D1A0000000000000000012 /* AudioRingBuffer.swift */ = {isa = PBXFileReference; includeInIndex = 1; lastKnownFileType = sourcecode.swift; path = AudioRingBuffer.swift; sourceTree = "<group>"; };
		D0D1A0000000000000000011 /* DuoInput.swift */ = {isa = PBXFileReference; includeInIndex = 1; lastKnownFileType = sourcecode.swift; path = DuoInput.swift; sourceTree = "<group>"; };
		E2E29FFDAEAAC973A111B63F /* PS2Web */ = {isa = PBXFileReference; lastKnownFileType = folder; path = "DuoDS/Resources/PS2Web"; sourceTree = SOURCE_ROOT; };
		E2E288F56CD2528AB69F436F /* PS2WebSchemeHandler.swift */ = {isa = PBXFileReference; lastKnownFileType = sourcecode.swift; name = PS2WebSchemeHandler.swift; path = Web/PS2WebSchemeHandler.swift; sourceTree = "<group>"; };
		E2E263D335FB9BA03C82A3B4 /* PS2WebCore.swift */ = {isa = PBXFileReference; lastKnownFileType = sourcecode.swift; name = PS2WebCore.swift; path = Web/PS2WebCore.swift; sourceTree = "<group>"; };
		E2E2435A69491B7DE691FF9C /* PS2ByteRange.swift */ = {isa = PBXFileReference; lastKnownFileType = sourcecode.swift; path = PS2ByteRange.swift; sourceTree = "<group>"; };
		E2E23F114F82A65E79C1B46C /* PS2CardPath.swift */ = {isa = PBXFileReference; lastKnownFileType = sourcecode.swift; path = PS2CardPath.swift; sourceTree = "<group>"; };
		E2E2D3248897940D886C3BA1 /* PS2PadState.swift */ = {isa = PBXFileReference; lastKnownFileType = sourcecode.swift; path = PS2PadState.swift; sourceTree = "<group>"; };
		D00520260921000000000004 /* Localizable.xcstrings */ = {isa = PBXFileReference; lastKnownFileType = text.json.xcstrings; path = DuoDS/Resources/Localizable.xcstrings; sourceTree = SOURCE_ROOT; };
		D00520260921000000000002 /* Assets.xcassets */ = {isa = PBXFileReference; lastKnownFileType = folder.assetcatalog; path = DuoDS/Resources/Assets.xcassets; sourceTree = SOURCE_ROOT; };
		C0FFEE1234567890ABCDEF08 /* Console-Studio.hdr */ = {isa = PBXFileReference; lastKnownFileType = file; path = "Resources/Console-Studio.hdr"; sourceTree = "<group>"; };
		C0FFEE1234567890ABCDEF07 /* Detailed-Cartridges.usdz */ = {isa = PBXFileReference; lastKnownFileType = file.usdz; path = "Resources/Detailed-Cartridges.usdz"; sourceTree = "<group>"; };
		C0FFEE1234567890ABCDEF10 /* Cartridge-Finger-Snap.wav */ = {isa = PBXFileReference; lastKnownFileType = audio.wav; name = "Cartridge-Finger-Snap.wav"; path = "Resources/Audio/Cartridge-Finger-Snap.wav"; sourceTree = "<group>"; };
		C0FFEE1234567890ABCDEF11 /* PSP-UMD.usdz */ = {isa = PBXFileReference; lastKnownFileType = file.usdz; path = "DuoDS/Resources/PSP-UMD.usdz"; sourceTree = SOURCE_ROOT; };
		C0FFEE1234567890ABCDEF15 /* PSP-UMD-Shell.usdz */ = {isa = PBXFileReference; lastKnownFileType = file.usdz; path = "DuoDS/Resources/PSP-UMD-Shell.usdz"; sourceTree = SOURCE_ROOT; };
		C0FFEE1234567890ABCDEF12 /* PPSSPP */ = {isa = PBXFileReference; lastKnownFileType = folder; path = "DuoDS/Resources/PPSSPP"; sourceTree = SOURCE_ROOT; };
		C0FFEE1234567890ABCDEF13 /* PSP2000-UMD-Open-Transition.usdz */ = {isa = PBXFileReference; lastKnownFileType = file.usdz; path = "DuoDS/Resources/PSP2000-UMD-Open-Transition.usdz"; sourceTree = SOURCE_ROOT; };
		C0FFEE1234567890ABCDEF14 /* PSP2000-Front.png */ = {isa = PBXFileReference; lastKnownFileType = image.png; path = "DuoDS/Resources/PSP2000-Front.png"; sourceTree = SOURCE_ROOT; };
		0062BF117B28CA5FC457EAC9 /* Foundation.framework */ = {isa = PBXFileReference; lastKnownFileType = wrapper.framework; name = Foundation.framework; path = Platforms/iPhoneOS.platform/Developer/SDKs/iPhoneOS26.0.sdk/System/Library/Frameworks/Foundation.framework; sourceTree = DEVELOPER_DIR; };
		3D12503635828B409311C67C /* ContentView.swift */ = {isa = PBXFileReference; includeInIndex = 1; lastKnownFileType = sourcecode.swift; name = ContentView.swift; path = ContentView.swift; sourceTree = "<group>"; };
		A3A3A3A30000000000000018 /* GameLibrary.swift */ = {isa = PBXFileReference; includeInIndex = 1; lastKnownFileType = sourcecode.swift; name = GameLibrary.swift; path = GameLibrary.swift; sourceTree = "<group>"; };
		A3A3A3A30000000000000019 /* CartridgeInsertionView.swift */ = {isa = PBXFileReference; includeInIndex = 1; lastKnownFileType = sourcecode.swift; name = CartridgeInsertionView.swift; path = CartridgeInsertionView.swift; sourceTree = "<group>"; };
		5C8AB6A83302A72A024407F5 /* EmulatorSession.swift */ = {isa = PBXFileReference; includeInIndex = 1; lastKnownFileType = sourcecode.swift; name = EmulatorSession.swift; path = EmulatorSession.swift; sourceTree = "<group>"; };
		D0BEEF000000000000000001 /* DuoPro.swift */ = {isa = PBXFileReference; includeInIndex = 1; lastKnownFileType = sourcecode.swift; name = DuoPro.swift; path = DuoPro.swift; sourceTree = "<group>"; };
		D0BEEF000000000000000003 /* DuoDS.entitlements */ = {isa = PBXFileReference; lastKnownFileType = text.plist.entitlements; name = DuoDS.entitlements; path = DuoDS.entitlements; sourceTree = "<group>"; };
		67B81AC279A8C037D0ADEEB9 /* DuoDSApp.swift */ = {isa = PBXFileReference; includeInIndex = 1; lastKnownFileType = sourcecode.swift; name = DuoDSApp.swift; path = DuoDSApp.swift; sourceTree = "<group>"; };
		A3A3A3A30000000000000011 /* AzaharCoreBridge.mm */ = {isa = PBXFileReference; includeInIndex = 1; lastKnownFileType = sourcecode.cpp.objcpp; name = AzaharCoreBridge.mm; path = AzaharCoreBridge.mm; sourceTree = "<group>"; };
		A3A3A3A30000000000000012 /* AzaharAudioOutput.swift */ = {isa = PBXFileReference; includeInIndex = 1; lastKnownFileType = sourcecode.swift; name = AzaharAudioOutput.swift; path = AzaharAudioOutput.swift; sourceTree = "<group>"; };
		A3A3A3A30000000000000013 /* AzaharCoreBridge.h */ = {isa = PBXFileReference; includeInIndex = 1; lastKnownFileType = sourcecode.c.h; name = AzaharCoreBridge.h; path = AzaharCoreBridge.h; sourceTree = "<group>"; };
		A3A3A3A30000000000000014 /* DuoDS-Bridging-Header.h */ = {isa = PBXFileReference; includeInIndex = 1; lastKnownFileType = sourcecode.c.h; name = "DuoDS-Bridging-Header.h"; path = "DuoDS-Bridging-Header.h"; sourceTree = "<group>"; };
		A3A3A3A30000000000000015 /* AzaharCore.xcframework */ = {isa = PBXFileReference; lastKnownFileType = wrapper.xcframework; name = AzaharCore.xcframework; path = ThirdParty/StoreCores/AzaharCore.xcframework; sourceTree = SOURCE_ROOT; };
		6ADAAD8F99C77C01545AF9D1 /* Info.plist */ = {isa = PBXFileReference; includeInIndex = 1; lastKnownFileType = text.plist.xml; name = Info.plist; path = Info.plist; sourceTree = "<group>"; };
		C0FFEE1234567890ABCDEF02 /* FuzedNeo.nds */ = {isa = PBXFileReference; lastKnownFileType = file; name = FuzedNeo.nds; path = FuzedNeo.nds; sourceTree = "<group>"; };
		C0FFEE1234567890ABCDEF09 /* TrailMix.nds */ = {isa = PBXFileReference; lastKnownFileType = file; name = TrailMix.nds; path = TrailMix.nds; sourceTree = "<group>"; };
		C0FFEE1234567890ABCDEF03 /* Nintendo-3DS-XL-180deg.png */ = {isa = PBXFileReference; lastKnownFileType = image.png; name = "Nintendo-3DS-XL-180deg.png"; path = "DuoDS/Resources/Nintendo-3DS-XL-180deg.png"; sourceTree = SOURCE_ROOT; };
		C0FFEE1234567890ABCDEF06 /* 3DSXL-Cartridge-Open-Transition.usdz */ = {isa = PBXFileReference; lastKnownFileType = file.usdz; name = "3DSXL-Cartridge-Open-Transition.usdz"; path = "Resources/3DSXL-Cartridge-Open-Transition.usdz"; sourceTree = "<group>"; };
		C0FFEE1234567890ABCDEF04 /* Controls */ = {isa = PBXFileReference; lastKnownFileType = folder; name = Controls; path = Resources/Controls; sourceTree = "<group>"; };
		A3A3A3A30000000000000016 /* Mars3D.3dsx */ = {isa = PBXFileReference; lastKnownFileType = file; name = Mars3D.3dsx; path = 3DS/Mars3D.3dsx; sourceTree = "<group>"; };
		A3A3A3A30000000000000017 /* HomebrewMenu.3dsx */ = {isa = PBXFileReference; lastKnownFileType = file; name = HomebrewMenu.3dsx; path = 3DS/HomebrewMenu.3dsx; sourceTree = "<group>"; };
		A3A3A3A30000000000000020 /* MK64-3DS.3dsx */ = {isa = PBXFileReference; lastKnownFileType = file; name = "MK64-3DS.3dsx"; path = "MK64-3DS.3dsx"; sourceTree = "<group>"; };
		E2C85106F30E804478266C51 /* DuoDS.app */ = {isa = PBXFileReference; explicitFileType = wrapper.application; includeInIndex = 0; path = DuoDS.app; sourceTree = BUILT_PRODUCTS_DIR; };
		D00D20000000000000000100 /* ROMArchive.mm */ = {isa = PBXFileReference; lastKnownFileType = sourcecode.cpp.objcpp; path = ROMArchive.mm; sourceTree = "<group>"; };
		D00D20000000000000000101 /* ROMFiles.swift */ = {isa = PBXFileReference; lastKnownFileType = sourcecode.swift; path = ROMFiles.swift; sourceTree = "<group>"; };
		D00D20000000000000000400 = {isa = PBXFileReference; lastKnownFileType = wrapper.xcframework; path = ThirdParty/StoreCores/N64Core.xcframework; sourceTree = SOURCE_ROOT; };
		D00D20000000000000000500 = {isa = PBXFileReference; lastKnownFileType = wrapper.xcframework; path = ThirdParty/StoreCores/MelonDSCore.xcframework; sourceTree = SOURCE_ROOT; };
		D00D20000000000000000600 /* PPSSPPCore.xcframework */ = {isa = PBXFileReference; lastKnownFileType = wrapper.xcframework; path = ThirdParty/StoreCores/PPSSPPCore.xcframework; sourceTree = SOURCE_ROOT; };
		D35E00000000000000000000 /* DeSmuMECore.xcframework */ = {isa = PBXFileReference; lastKnownFileType = wrapper.xcframework; path = ThirdParty/StoreCores/DeSmuMECore.xcframework; sourceTree = SOURCE_ROOT; };
D00D20000000000000000103 = {isa = PBXFileReference; lastKnownFileType = sourcecode.swift; path = ROMValidation.swift; sourceTree = "<group>"; };
		E2E2E2D06DAAC90871FA4F41 /* PS2Core.swift */ = {isa = PBXFileReference; lastKnownFileType = sourcecode.swift; path = PS2Core.swift; sourceTree = "<group>"; };
		E2E29F97B4BECCF11DB1A31F /* PS2Disc.swift */ = {isa = PBXFileReference; lastKnownFileType = sourcecode.swift; path = PS2Disc.swift; sourceTree = "<group>"; };
		E2E2A75B3398D0655B12CC88 /* PS2CoverArt.swift */ = {isa = PBXFileReference; lastKnownFileType = sourcecode.swift; path = PS2CoverArt.swift; sourceTree = "<group>"; };
		E2E29D2CEB4597433DFB1F16 /* PS2MemoryCard.swift */ = {isa = PBXFileReference; lastKnownFileType = sourcecode.swift; path = PS2MemoryCard.swift; sourceTree = "<group>"; };
		E2E29179D3E65E29AE72B17F /* PS2SaveArchive.swift */ = {isa = PBXFileReference; lastKnownFileType = sourcecode.swift; path = PS2SaveArchive.swift; sourceTree = "<group>"; };
		E2E231BA8C0F39E81E8961B6 /* PS2IconSys.swift */ = {isa = PBXFileReference; lastKnownFileType = sourcecode.swift; path = PS2IconSys.swift; sourceTree = "<group>"; };
		E2E2F5187C764568D460AF60 /* PS2Icon.swift */ = {isa = PBXFileReference; lastKnownFileType = sourcecode.swift; path = PS2Icon.swift; sourceTree = "<group>"; };
		E2E22F5EC87098A18F48F9DC /* PS2CaseStage.swift */ = {isa = PBXFileReference; lastKnownFileType = sourcecode.swift; path = PS2CaseStage.swift; sourceTree = "<group>"; };
		E2E280AEA6357422C48639C2 /* PS2InsertionStage.swift */ = {isa = PBXFileReference; lastKnownFileType = sourcecode.swift; path = PS2InsertionStage.swift; sourceTree = "<group>"; };
		E2E274F3E9595B9CF9DBB8AF /* PS2GameView.swift */ = {isa = PBXFileReference; lastKnownFileType = sourcecode.swift; path = PS2GameView.swift; sourceTree = "<group>"; };
		E2E26BE6A32E822F0F4EB1B4 /* PS2ControllerView.swift */ = {isa = PBXFileReference; lastKnownFileType = sourcecode.swift; path = PS2ControllerView.swift; sourceTree = "<group>"; };
		E2E2037B5AF46E33CCD95F35 /* PS2CRTShutdown.swift */ = {isa = PBXFileReference; lastKnownFileType = sourcecode.swift; path = PS2CRTShutdown.swift; sourceTree = "<group>"; };
		E2E2EC59F4453650750AAFC1 /* PS2SaveBrowserView.swift */ = {isa = PBXFileReference; lastKnownFileType = sourcecode.swift; path = PS2SaveBrowserView.swift; sourceTree = "<group>"; };
		E2E2FE460B5F6A189D8D508B /* PS2Feedback.swift */ = {isa = PBXFileReference; lastKnownFileType = sourcecode.swift; path = PS2Feedback.swift; sourceTree = "<group>"; };
		E2E27EB86DBD9ECAD6545BE6 /* PS2-Console.usdz */ = {isa = PBXFileReference; lastKnownFileType = file.usdz; path = "DuoDS/Resources/PS2-Console.usdz"; sourceTree = SOURCE_ROOT; };
		E2E2B81ADDBE27EE4D8F0216 /* PS2-DualShock2.usdz */ = {isa = PBXFileReference; lastKnownFileType = file.usdz; path = "DuoDS/Resources/PS2-DualShock2.usdz"; sourceTree = SOURCE_ROOT; };
		E2E27619B6B305B86C7DAF12 /* PS2-MemoryCard.usdz */ = {isa = PBXFileReference; lastKnownFileType = file.usdz; path = "DuoDS/Resources/PS2-MemoryCard.usdz"; sourceTree = SOURCE_ROOT; };
		E2E297D6D496A0EA91E2FE15 /* PS2-DVD.usdz */ = {isa = PBXFileReference; lastKnownFileType = file.usdz; path = "DuoDS/Resources/PS2-DVD.usdz"; sourceTree = SOURCE_ROOT; };
		E2E29C7BCFF33C5F12C4A868 /* PS2-Case.usdz */ = {isa = PBXFileReference; lastKnownFileType = file.usdz; path = "DuoDS/Resources/PS2-Case.usdz"; sourceTree = SOURCE_ROOT; };
		E2E241E044D0A0182E2C0916 /* PS2Audio */ = {isa = PBXFileReference; lastKnownFileType = folder; path = "DuoDS/Resources/PS2Audio"; sourceTree = SOURCE_ROOT; };
		1F32B4C0BE7842BAA4697CB0 /* HandheldCaseStage.swift */ = {isa = PBXFileReference; lastKnownFileType = sourcecode.swift; path = "DuoDS/App/Cases/HandheldCaseStage.swift"; sourceTree = SOURCE_ROOT; };
		15DB782F6C574BAB96188155 /* HandheldCaseCoverArt.swift */ = {isa = PBXFileReference; lastKnownFileType = sourcecode.swift; path = "DuoDS/App/Cases/Core/HandheldCaseCoverArt.swift"; sourceTree = SOURCE_ROOT; };
		7E5AFE000000000000000002 /* NeutralBranding.swift */ = {isa = PBXFileReference; lastKnownFileType = sourcecode.swift; path = "DuoDS/App/NeutralBranding.swift"; sourceTree = SOURCE_ROOT; };
		8372CCEBD99B4C8587D62528 /* NDS-Case.usdz */ = {isa = PBXFileReference; lastKnownFileType = file.usdz; path = "DuoDS/Resources/NDS-Case.usdz"; sourceTree = SOURCE_ROOT; };
		140F82793A464E50B717B59A /* 3DS-Case.usdz */ = {isa = PBXFileReference; lastKnownFileType = file.usdz; path = "DuoDS/Resources/3DS-Case.usdz"; sourceTree = SOURCE_ROOT; };
		726EC1EA161A4AC5A191800D /* PSP-UMD-Case.usdz */ = {isa = PBXFileReference; lastKnownFileType = file.usdz; path = "DuoDS/Resources/PSP-UMD-Case.usdz"; sourceTree = SOURCE_ROOT; };
		41BD25A794EF4130B8E957B5 /* PSP-Boxart-Names.json */ = {isa = PBXFileReference; lastKnownFileType = text.json; path = "DuoDS/Resources/PSP-Boxart-Names.json"; sourceTree = SOURCE_ROOT; };
/* End PBXFileReference section */

/* Begin PBXFrameworksBuildPhase section */
		C383408BFBDD8A180059B3BB /* Frameworks */ = {
			isa = PBXFrameworksBuildPhase;
			buildActionMask = 2147483647;
			files = (
				A3A3A3A30000000000000003 /* AzaharCore.xcframework in Frameworks */,
				30E95276221DFB79C04AF86F /* Foundation.framework in Frameworks */,
			);
			runOnlyForDeploymentPostprocessing = 0;
		};
/* End PBXFrameworksBuildPhase section */

/* Begin PBXGroup section */
		258807CA72E5787E13032DC8 /* Frameworks */ = {
			isa = PBXGroup;
			children = (
				DF64303DAA524AC3CFCEAC44 /* iOS */,
				D35E00000000000000000000 /* DeSmuMECore.xcframework */,
				A3A3A3A30000000000000015 /* AzaharCore.xcframework */,
				D00D20000000000000000400,
				D00D20000000000000000500,
				D00D20000000000000000600 /* PPSSPPCore.xcframework */,
			);
			name = Frameworks;
			sourceTree = "<group>";
		};
		8CE8D210C4D5129301C24313 /* Products */ = {
			isa = PBXGroup;
			children = (
				E2C85106F30E804478266C51 /* DuoDS.app */,
			);
			name = Products;
			sourceTree = "<group>";
		};
		A07EA5BB3E8D4168D9538D8E /* App */ = {
			isa = PBXGroup;
			children = (
				67B81AC279A8C037D0ADEEB9 /* DuoDSApp.swift */,
				5C8AB6A83302A72A024407F5 /* EmulatorSession.swift */,
				D0BEEF000000000000000001 /* DuoPro.swift */,
				D0BEEF000000000000000003 /* DuoDS.entitlements */,
				3D12503635828B409311C67C /* ContentView.swift */,
				A3A3A3A30000000000000018 /* GameLibrary.swift */,
				A3A3A3A30000000000000019 /* CartridgeInsertionView.swift */,
				A3A3A3A30000000000000012 /* AzaharAudioOutput.swift */,
				D0D1A0000000000000000012 /* AudioRingBuffer.swift */,
				D0D1A0000000000000000011 /* DuoInput.swift */,
				A3A3A3A30000000000000013 /* AzaharCoreBridge.h */,
				A3A3A3A30000000000000011 /* AzaharCoreBridge.mm */,
D00D20000000000000000103,
				D00D20000000000000000101,
				D00D20000000000000000100,
				E2E2D4091334D74994849B9F /* PS2 */,
				A3A3A3A30000000000000014 /* DuoDS-Bridging-Header.h */,
				6ADAAD8F99C77C01545AF9D1 /* Info.plist */,
			);
			name = App;
			path = App;
			sourceTree = "<group>";
		};
		B1D38CBCF2C90409A40FAD03 /* DuoDS */ = {
			isa = PBXGroup;
			children = (
				A07EA5BB3E8D4168D9538D8E /* App */,
				C0FFEE1234567890ABCDEF03 /* Nintendo-3DS-XL-180deg.png */,
				C0FFEE1234567890ABCDEF06 /* 3DSXL-Cartridge-Open-Transition.usdz */,
				C0FFEE1234567890ABCDEF07 /* Detailed-Cartridges.usdz */,
				C0FFEE1234567890ABCDEF08 /* Console-Studio.hdr */,
				C0FFEE1234567890ABCDEF04 /* Controls */,
				C0FFEE1234567890ABCDEF10 /* Cartridge-Finger-Snap.wav */,
				C0FFEE1234567890ABCDEF13 /* PSP2000-UMD-Open-Transition.usdz */,
				C0FFEE1234567890ABCDEF14 /* PSP2000-Front.png */,
				C0FFEE1234567890ABCDEF15 /* PSP-UMD-Shell.usdz */,
			);
			name = DuoDS;
			path = DuoDS;
			sourceTree = "<group>";
		};
		C0A1B2C3D4E5F60718293A4B /* TestFixtures */ = {
			isa = PBXGroup;
			children = (
				C0FFEE1234567890ABCDEF02 /* FuzedNeo.nds */,
				C0FFEE1234567890ABCDEF09 /* TrailMix.nds */,
				A3A3A3A30000000000000016 /* Mars3D.3dsx */,
				A3A3A3A30000000000000017 /* HomebrewMenu.3dsx */,
				A3A3A3A30000000000000020 /* MK64-3DS.3dsx */,
			);
			name = TestFixtures;
			path = TestFixtures;
			sourceTree = "<group>";
		};
		DF64303DAA524AC3CFCEAC44 /* iOS */ = {
			isa = PBXGroup;
			children = (
				0062BF117B28CA5FC457EAC9 /* Foundation.framework */,
			);
			name = iOS;
			sourceTree = "<group>";
		};
		E68159307B1DAD728EA90A7F = {
			isa = PBXGroup;
			children = (
				8CE8D210C4D5129301C24313 /* Products */,
				258807CA72E5787E13032DC8 /* Frameworks */,
				B1D38CBCF2C90409A40FAD03 /* DuoDS */,
				C0A1B2C3D4E5F60718293A4B /* TestFixtures */,
			);
			sourceTree = "<group>";
		};
		E2E29E43EFF92743CDBFCB05 /* Core */ = {
			isa = PBXGroup;
			children = (
				E2E2E2D06DAAC90871FA4F41 /* PS2Core.swift */,
				E2E29F97B4BECCF11DB1A31F /* PS2Disc.swift */,
				E2E2A75B3398D0655B12CC88 /* PS2CoverArt.swift */,
				E2E2435A69491B7DE691FF9C /* PS2ByteRange.swift */,
				E2E23F114F82A65E79C1B46C /* PS2CardPath.swift */,
				E2E2D3248897940D886C3BA1 /* PS2PadState.swift */,
				E2E29D2CEB4597433DFB1F16 /* PS2MemoryCard.swift */,
				E2E29179D3E65E29AE72B17F /* PS2SaveArchive.swift */,
				E2E231BA8C0F39E81E8961B6 /* PS2IconSys.swift */,
				E2E2F5187C764568D460AF60 /* PS2Icon.swift */,
			);
			path = Core;
			sourceTree = "<group>";
		};
		E2E2D4091334D74994849B9F /* PS2 */ = {
			isa = PBXGroup;
			children = (
				E2E29E43EFF92743CDBFCB05 /* Core */,
				E2E22F5EC87098A18F48F9DC /* PS2CaseStage.swift */,
				E2E280AEA6357422C48639C2 /* PS2InsertionStage.swift */,
				E2E274F3E9595B9CF9DBB8AF /* PS2GameView.swift */,
				E2E26BE6A32E822F0F4EB1B4 /* PS2ControllerView.swift */,
				E2E2037B5AF46E33CCD95F35 /* PS2CRTShutdown.swift */,
				E2E288F56CD2528AB69F436F /* PS2WebSchemeHandler.swift */,
				E2E263D335FB9BA03C82A3B4 /* PS2WebCore.swift */,
				E2E2EC59F4453650750AAFC1 /* PS2SaveBrowserView.swift */,
				E2E2FE460B5F6A189D8D508B /* PS2Feedback.swift */,
			);
			path = PS2;
			sourceTree = "<group>";
		};
/* End PBXGroup section */

/* Begin PBXNativeTarget section */
		91E92D734DDE964EDC083003 /* DuoDS */ = {
			isa = PBXNativeTarget;
			buildConfigurationList = 0ADC3CF6C37DA129CB8400BB /* Build configuration list for PBXNativeTarget "DuoDS" */;
			buildPhases = (
				9641CAD7CF47134C61244116 /* Sources */,
				C383408BFBDD8A180059B3BB /* Frameworks */,
				5B113ECC1E62ADB5C3695551 /* Resources */,
				56E8EFE25AFE86325EF8A2C9 /* Embed Frameworks */,
			);
			buildRules = (
			);
			dependencies = (
			);
			name = DuoDS;
			productName = DuoDS;
			productReference = E2C85106F30E804478266C51 /* DuoDS.app */;
			productType = "com.apple.product-type.application";
		};
/* End PBXNativeTarget section */

/* Begin PBXProject section */
		87977D6E32B6DB3245FB6342 /* Project object */ = {
			isa = PBXProject;
			attributes = {
				LastSwiftUpdateCheck = 1600;
				LastUpgradeCheck = 2710;
			};
			buildConfigurationList = D044FC7213CF95304D909A3C /* Build configuration list for PBXProject "DuoDS" */;
			compatibilityVersion = "Xcode 16.0";
			developmentRegion = en;
			hasScannedForEncodings = 0;
			knownRegions = (
				en,
				"zh-Hans",
				"zh-Hant",
				Base,
			);
			mainGroup = E68159307B1DAD728EA90A7F;
			minimizedProjectReferenceProxies = 0;
			preferredProjectObjectVersion = 100;
			productRefGroup = 8CE8D210C4D5129301C24313 /* Products */;
			projectDirPath = "";
			projectRoot = "";
			targets = (
				91E92D734DDE964EDC083003 /* DuoDS */,
			);
		};
/* End PBXProject section */

/* Begin PBXResourcesBuildPhase section */
		5B113ECC1E62ADB5C3695551 /* Resources */ = {
		isa = PBXResourcesBuildPhase;
		buildActionMask = 2147483647;
		files = (
			D00520260921000000000001,
			D00520260921000000000003,
			D0A1B2C3D4E5F60718293A4B /* FuzedNeo.nds in Resources */,
			D0A1B2C3D4E5F60718293A52 /* TrailMix.nds in Resources */,
			A3A3A3A30000000000000005 /* Mars3D.3dsx in Resources */,
			A3A3A3A30000000000000006 /* HomebrewMenu.3dsx in Resources */,
			D0A1B2C3D4E5F60718293A53 /* MK64-3DS.3dsx in Resources */,
			D0A1B2C3D4E5F60718293A4C /* Nintendo-3DS-XL-180deg.png in Resources */,
			D0A1B2C3D4E5F60718293A4F /* 3DSXL-Cartridge-Open-Transition.usdz in Resources */,
			D0A1B2C3D4E5F60718293A50 /* Detailed-Cartridges.usdz in Resources */,
			D0A1B2C3D4E5F60718293A51 /* Console-Studio.hdr in Resources */,
			D0A1B2C3D4E5F60718293A4D /* Controls in Resources */,
			D0A1B2C3D4E5F60718293A54 /* Cartridge-Finger-Snap.wav in Resources */,
			D0A1B2C3D4E5F60718293A55 /* PSP-UMD.usdz in Resources */,
			D0A1B2C3D4E5F60718293A59 /* PSP-UMD-Shell.usdz in Resources */,
			D0A1B2C3D4E5F60718293A56 /* PPSSPP in Resources */,
			D0A1B2C3D4E5F60718293A57 /* PSP2000-UMD-Open-Transition.usdz in Resources */,
			E2E236EACDC8FAF0BCE5DF8A /* PS2-Console.usdz in Resources */,
			E2E2FD248F1ADAE90B40ED3B /* PS2-DualShock2.usdz in Resources */,
			E2E2A620667824F4C131CC05 /* PS2-MemoryCard.usdz in Resources */,
			E2E22453CBD0C5EF22643589 /* PS2-DVD.usdz in Resources */,
			E2E233D2C8874CC75BA802A4 /* PS2-Case.usdz in Resources */,
			A2C6BCC2CF0D4FFFBF08C51A /* PSP-Boxart-Names.json in Resources */,
			3A7AE9FC3C6C4FF9A98864B2 /* NDS-Case.usdz in Resources */,
			789150BD422442E5B40198D9 /* 3DS-Case.usdz in Resources */,
			C94DFBEF195147A28BEF7549 /* PSP-UMD-Case.usdz in Resources */,
			E2E20C1DAE56B4512375E7EE /* PS2Audio in Resources */,
			E2E2FA23E02C3EF9FCC42962 /* PS2Web in Resources */,
		);
			runOnlyForDeploymentPostprocessing = 0;
		};
/* End PBXResourcesBuildPhase section */

/* Begin PBXSourcesBuildPhase section */
		9641CAD7CF47134C61244116 /* Sources */ = {
			isa = PBXSourcesBuildPhase;
			buildActionMask = 2147483647;
			files = (
				BD2FC4D5F2BE0CFBC49860D5 /* DuoDSApp.swift in Sources */,
				825DE0DA39CE14491602441A /* EmulatorSession.swift in Sources */,
				D0BEEF000000000000000002 /* DuoPro.swift in Sources */,
				27ADD5341A92E91ED8F992D9 /* ContentView.swift in Sources */,
				A3A3A3A30000000000000007 /* GameLibrary.swift in Sources */,
				A3A3A3A30000000000000008 /* CartridgeInsertionView.swift in Sources */,
				A3A3A3A30000000000000001 /* AzaharCoreBridge.mm in Sources */,
D00D20000000000000000203,
				D00D20000000000000000201,
				D00D20000000000000000200,
				A3A3A3A30000000000000002 /* AzaharAudioOutput.swift in Sources */,
				D0D1A0000000000000000002 /* AudioRingBuffer.swift in Sources */,
				D0D1A0000000000000000001 /* DuoInput.swift in Sources */,
				E2E2D3ED6304CDCFB2E8961A /* PS2Core.swift in Sources */,
				E2E2AA7215A08A5A5311FF61 /* PS2Disc.swift in Sources */,
				E2E2B5952BD747EB3C56111D /* PS2CoverArt.swift in Sources */,
				E2E23C0AA9DF0A5967118A1D /* PS2ByteRange.swift in Sources */,
				E2E2BBF1D7FAD40CD16B53BE /* PS2CardPath.swift in Sources */,
				E2E24BAFCCFA54C614EEFB33 /* PS2PadState.swift in Sources */,
				E2E207C15913C26DF01B5AC3 /* PS2MemoryCard.swift in Sources */,
				E2E27238DB8DEBC2DA5ED513 /* PS2SaveArchive.swift in Sources */,
				E2E2E32E7AD8DAD84AA29069 /* PS2IconSys.swift in Sources */,
				E2E26CF412AA31C43C9A7092 /* PS2Icon.swift in Sources */,
				E2E29B79C715AC00878C136E /* PS2CaseStage.swift in Sources */,
				BF6D91C3828F48E7841F3E88 /* HandheldCaseStage.swift in Sources */,
				18CD2C79DF324DA4B97D303F /* HandheldCaseCoverArt.swift in Sources */,
				7E5AFE000000000000000001 /* NeutralBranding.swift in Sources */,
				E2E23468A5B0FF781CC094D9 /* PS2InsertionStage.swift in Sources */,
				E2E229D3CE54FB54FEFB29BA /* PS2GameView.swift in Sources */,
				E2E2C1F75AE14547671081B3 /* PS2ControllerView.swift in Sources */,
				E2E2EEBC1AED96457FD2E461 /* PS2CRTShutdown.swift in Sources */,
				E2E28E93FD49A4FA09C8C3EA /* PS2WebSchemeHandler.swift in Sources */,
				E2E231B2BD99622A8FC9EFC0 /* PS2WebCore.swift in Sources */,
				E2E23AD71DEF734E0CE726CC /* PS2SaveBrowserView.swift in Sources */,
				E2E2B63C2B25ED4931D0CF89 /* PS2Feedback.swift in Sources */,
			);
			runOnlyForDeploymentPostprocessing = 0;
		};
/* End PBXSourcesBuildPhase section */

/* Begin XCBuildConfiguration section */
		1E90DE5071F362A67FD63BC1 /* Release */ = {
			isa = XCBuildConfiguration;
			buildSettings = {
				APP_DISPLAY_NAME = "Game Duo";
				EXCLUDED_SOURCE_FILE_NAMES = "FuzedNeo.nds TrailMix.nds Mars3D.3dsx HomebrewMenu.3dsx MK64-3DS.3dsx";
				ASSETCATALOG_COMPILER_APPICON_NAME = AppIcon;
				ASSETCATALOG_COMPILER_GLOBAL_ACCENT_COLOR_NAME = AccentColor;
					CLANG_ENABLE_OBJC_WEAK = NO;
					CODE_SIGN_ENTITLEMENTS = DuoDS/App/DuoDS.entitlements;
				CODE_SIGNING_ALLOWED = YES;
				CODE_SIGN_STYLE = Manual;
				CODE_SIGN_IDENTITY = "Apple Distribution";
				DEVELOPMENT_TEAM = AHVDBX7277;
				PROVISIONING_PROFILE_SPECIFIER = "Game Duo App Store";
				INFOPLIST_FILE = DuoDS/App/Info.plist;
				IPHONEOS_DEPLOYMENT_TARGET = 27.0;
				LD_RUNPATH_SEARCH_PATHS = "$(inherited) @executable_path/Frameworks";
				OTHER_LDFLAGS = (
                    "-larchive",
					"$(inherited)",
				);
				PRODUCT_BUNDLE_IDENTIFIER = com.duods.app;
				SDKROOT = iphoneos;
				SWIFT_VERSION = 5.0;
				SWIFT_OBJC_BRIDGING_HEADER = "DuoDS/App/DuoDS-Bridging-Header.h";
				TARGETED_DEVICE_FAMILY = "1,2";
				VALIDATE_PRODUCT = YES;
			};
			name = Release;
		};
		2E2A3DA0BD6E81BACBF6FE6B /* Release */ = {
			isa = XCBuildConfiguration;
			buildSettings = {
				ALWAYS_SEARCH_USER_PATHS = NO;
				CLANG_ANALYZER_NONNULL = YES;
				CLANG_ANALYZER_NUMBER_OBJECT_CONVERSION = YES_AGGRESSIVE;
				CLANG_CXX_LANGUAGE_STANDARD = "gnu++14";
				CLANG_CXX_LIBRARY = "libc++";
				CLANG_ENABLE_MODULES = YES;
				CLANG_ENABLE_OBJC_ARC = YES;
				CLANG_ENABLE_OBJC_WEAK = YES;
				CLANG_WARN_BLOCK_CAPTURE_AUTORELEASING = YES;
				CLANG_WARN_BOOL_CONVERSION = YES;
				CLANG_WARN_COMMA = YES;
				CLANG_WARN_CONSTANT_CONVERSION = YES;
				CLANG_WARN_DEPRECATED_OBJC_IMPLEMENTATIONS = YES;
				CLANG_WARN_DIRECT_OBJC_ISA_USAGE = YES_ERROR;
				CLANG_WARN_DOCUMENTATION_COMMENTS = YES;
				CLANG_WARN_EMPTY_BODY = YES;
				CLANG_WARN_ENUM_CONVERSION = YES;
				CLANG_WARN_INFINITE_RECURSION = YES;
				CLANG_WARN_INT_CONVERSION = YES;
				CLANG_WARN_NON_LITERAL_NULL_CONVERSION = YES;
				CLANG_WARN_OBJC_IMPLICIT_RETAIN_SELF = YES;
				CLANG_WARN_OBJC_LITERAL_CONVERSION = YES;
				CLANG_WARN_OBJC_ROOT_CLASS = YES_ERROR;
				CLANG_WARN_QUOTED_INCLUDE_IN_FRAMEWORK_HEADER = YES;
				CLANG_WARN_RANGE_LOOP_ANALYSIS = YES;
				CLANG_WARN_STRICT_PROTOTYPES = YES;
				CLANG_WARN_SUSPICIOUS_MOVE = YES;
				CLANG_WARN_UNGUARDED_AVAILABILITY = YES_AGGRESSIVE;
				CLANG_WARN_UNREACHABLE_CODE = YES;
				CLANG_WARN__DUPLICATE_METHOD_MATCH = YES;
				COPY_PHASE_STRIP = NO;
				DEBUG_INFORMATION_FORMAT = "dwarf-with-dsym";
				ENABLE_NS_ASSERTIONS = NO;
				ENABLE_STRICT_OBJC_MSGSEND = YES;
				GCC_C_LANGUAGE_STANDARD = gnu11;
				GCC_NO_COMMON_BLOCKS = YES;
				GCC_WARN_64_TO_32_BIT_CONVERSION = YES;
				GCC_WARN_ABOUT_RETURN_TYPE = YES_ERROR;
				GCC_WARN_UNDECLARED_SELECTOR = YES;
				GCC_WARN_UNINITIALIZED_AUTOS = YES_AGGRESSIVE;
				GCC_WARN_UNUSED_FUNCTION = YES;
				GCC_WARN_UNUSED_VARIABLE = YES;
				MTL_ENABLE_DEBUG_INFO = NO;
				MTL_FAST_MATH = YES;
				PRODUCT_NAME = "$(TARGET_NAME)";
				SWIFT_COMPILATION_MODE = wholemodule;
				SWIFT_OPTIMIZATION_LEVEL = "-O";
				SWIFT_VERSION = 5.0;
				SWIFT_OBJC_BRIDGING_HEADER = "DuoDS/App/DuoDS-Bridging-Header.h";
			};
			name = Release;
		};
		3B009A928AB3FC8E9A4BF2BF /* Debug */ = {
			isa = XCBuildConfiguration;
			buildSettings = {
				APP_DISPLAY_NAME = "Game Duo";
				ASSETCATALOG_COMPILER_APPICON_NAME = AppIcon;
				ASSETCATALOG_COMPILER_GLOBAL_ACCENT_COLOR_NAME = AccentColor;
					CLANG_ENABLE_OBJC_WEAK = NO;
					CODE_SIGN_ENTITLEMENTS = DuoDS/App/DuoDS.entitlements;
				CODE_SIGNING_ALLOWED = NO;
				INFOPLIST_FILE = DuoDS/App/Info.plist;
				IPHONEOS_DEPLOYMENT_TARGET = 27.0;
				LD_RUNPATH_SEARCH_PATHS = "$(inherited) @executable_path/Frameworks";
				OTHER_LDFLAGS = (
                    "-larchive",
					"$(inherited)",
				);
				PRODUCT_BUNDLE_IDENTIFIER = com.duods.app;
				SDKROOT = iphoneos;
				SWIFT_VERSION = 5.0;
				SWIFT_OBJC_BRIDGING_HEADER = "DuoDS/App/DuoDS-Bridging-Header.h";
				TARGETED_DEVICE_FAMILY = "1,2";
			};
			name = Debug;
		};
		A843FF3CE50649B0EE947125 /* Debug */ = {
			isa = XCBuildConfiguration;
			buildSettings = {
				ALWAYS_SEARCH_USER_PATHS = NO;
				CLANG_ANALYZER_NONNULL = YES;
				CLANG_ANALYZER_NUMBER_OBJECT_CONVERSION = YES_AGGRESSIVE;
				CLANG_CXX_LANGUAGE_STANDARD = "gnu++14";
				CLANG_CXX_LIBRARY = "libc++";
				CLANG_ENABLE_MODULES = YES;
				CLANG_ENABLE_OBJC_ARC = YES;
				CLANG_ENABLE_OBJC_WEAK = YES;
				CLANG_WARN_BLOCK_CAPTURE_AUTORELEASING = YES;
				CLANG_WARN_BOOL_CONVERSION = YES;
				CLANG_WARN_COMMA = YES;
				CLANG_WARN_CONSTANT_CONVERSION = YES;
				CLANG_WARN_DEPRECATED_OBJC_IMPLEMENTATIONS = YES;
				CLANG_WARN_DIRECT_OBJC_ISA_USAGE = YES_ERROR;
				CLANG_WARN_DOCUMENTATION_COMMENTS = YES;
				CLANG_WARN_EMPTY_BODY = YES;
				CLANG_WARN_ENUM_CONVERSION = YES;
				CLANG_WARN_INFINITE_RECURSION = YES;
				CLANG_WARN_INT_CONVERSION = YES;
				CLANG_WARN_NON_LITERAL_NULL_CONVERSION = YES;
				CLANG_WARN_OBJC_IMPLICIT_RETAIN_SELF = YES;
				CLANG_WARN_OBJC_LITERAL_CONVERSION = YES;
				CLANG_WARN_OBJC_ROOT_CLASS = YES_ERROR;
				CLANG_WARN_QUOTED_INCLUDE_IN_FRAMEWORK_HEADER = YES;
				CLANG_WARN_RANGE_LOOP_ANALYSIS = YES;
				CLANG_WARN_STRICT_PROTOTYPES = YES;
				CLANG_WARN_SUSPICIOUS_MOVE = YES;
				CLANG_WARN_UNGUARDED_AVAILABILITY = YES_AGGRESSIVE;
				CLANG_WARN_UNREACHABLE_CODE = YES;
				CLANG_WARN__DUPLICATE_METHOD_MATCH = YES;
				COPY_PHASE_STRIP = NO;
				DEBUG_INFORMATION_FORMAT = dwarf;
				ENABLE_STRICT_OBJC_MSGSEND = YES;
				ENABLE_TESTABILITY = YES;
				GCC_C_LANGUAGE_STANDARD = gnu11;
				GCC_DYNAMIC_NO_PIC = NO;
				GCC_NO_COMMON_BLOCKS = YES;
				GCC_OPTIMIZATION_LEVEL = 0;
				GCC_PREPROCESSOR_DEFINITIONS = (
					"DEBUG=1",
					"$(inherited)",
				);
				GCC_WARN_64_TO_32_BIT_CONVERSION = YES;
				GCC_WARN_ABOUT_RETURN_TYPE = YES_ERROR;
				GCC_WARN_UNDECLARED_SELECTOR = YES;
				GCC_WARN_UNINITIALIZED_AUTOS = YES_AGGRESSIVE;
				GCC_WARN_UNUSED_FUNCTION = YES;
				GCC_WARN_UNUSED_VARIABLE = YES;
				MTL_ENABLE_DEBUG_INFO = INCLUDE_SOURCE;
				MTL_FAST_MATH = YES;
				ONLY_ACTIVE_ARCH = YES;
				PRODUCT_NAME = "$(TARGET_NAME)";
				SWIFT_ACTIVE_COMPILATION_CONDITIONS = DEBUG;
				SWIFT_OPTIMIZATION_LEVEL = "-Onone";
				SWIFT_VERSION = 5.0;
			};
			name = Debug;
		};
/* End XCBuildConfiguration section */

/* Begin XCConfigurationList section */
		0ADC3CF6C37DA129CB8400BB /* Build configuration list for PBXNativeTarget "DuoDS" */ = {
			isa = XCConfigurationList;
			buildConfigurations = (
				1E90DE5071F362A67FD63BC1 /* Release */,
				3B009A928AB3FC8E9A4BF2BF /* Debug */,
			);
			defaultConfigurationIsVisible = 0;
			defaultConfigurationName = Release;
		};
		D044FC7213CF95304D909A3C /* Build configuration list for PBXProject "DuoDS" */ = {
			isa = XCConfigurationList;
			buildConfigurations = (
				A843FF3CE50649B0EE947125 /* Debug */,
				2E2A3DA0BD6E81BACBF6FE6B /* Release */,
			);
			defaultConfigurationIsVisible = 0;
			defaultConfigurationName = Release;
		};
/* End XCConfigurationList section */
	};
	rootObject = 87977D6E32B6DB3245FB6342 /* Project object */;
}
